
Microsoft Visual Studio Solution File, Format Version 12.00
# Visual Studio Version 16
VisualStudioVersion = 16.0.30517.126
MinimumVisualStudioVersion = 10.0.40219.1
Project("{9A19103F-16F7-4668-BE54-9A1E7A4F7556}") = "GithubSearch.API", "GithubSearch.API.csproj", "{5B69C9C3-EC60-489E-9DD0-1B49F9275788}"
EndProject
Project("{9A19103F-16F7-4668-BE54-9A1E7A4F7556}") = "GithubSearch.Shared", "..\GithubSearch.Shared\GithubSearch.Shared.csproj", "{D50F45CE-71CB-4632-97E6-14DE0EBF4D7F}"
EndProject
Project("{9A19103F-16F7-4668-BE54-9A1E7A4F7556}") = "GitHubSearchEngine", "..\GitHubV3SearchEngine\GitHubSearchEngine.csproj", "{75266578-6C6F-4C48-B858-33C6A0843097}"
EndProject
Project("{FAE04EC0-301F-11D3-BF4B-00C04F79EFBC}") = "GithubSearch.DAL", "..\GithubSearch.DAL\GithubSearch.DAL.csproj", "{419AC827-9B83-4A82-8ACE-5CF465B6F2AC}"
EndProject
Project("{2150E333-8FDC-42A3-9474-1A3956D46DE8}") = "SearchEngines", "SearchEngines", "{5C877663-3C9F-4E6D-B2AC-FB026EAD517A}"
EndProject
Global
	GlobalSection(SolutionConfigurationPlatforms) = preSolution
		Debug|Any CPU = Debug|Any CPU
		Release|Any CPU = Release|Any CPU
	EndGlobalSection
	GlobalSection(ProjectConfigurationPlatforms) = postSolution
		{5B69C9C3-EC60-489E-9DD0-1B49F9275788}.Debug|Any CPU.ActiveCfg = Debug|Any CPU
		{5B69C9C3-EC60-489E-9DD0-1B49F9275788}.Debug|Any CPU.Build.0 = Debug|Any CPU
		{5B69C9C3-EC60-489E-9DD0-1B49F9275788}.Release|Any CPU.ActiveCfg = Release|Any CPU
		{5B69C9C3-EC60-489E-9DD0-1B49F9275788}.Release|Any CPU.Build.0 = Release|Any CPU
		{D50F45CE-71CB-4632-97E6-14DE0EBF4D7F}.Debug|Any CPU.ActiveCfg = Debug|Any CPU
		{D50F45CE-71CB-4632-97E6-14DE0EBF4D7F}.Debug|Any CPU.Build.0 = Debug|Any CPU
		{D50F45CE-71CB-4632-97E6-14DE0EBF4D7F}.Release|Any CPU.ActiveCfg = Release|Any CPU
		{D50F45CE-71CB-4632-97E6-14DE0EBF4D7F}.Release|Any CPU.Build.0 = Release|Any CPU
		{75266578-6C6F-4C48-B858-33C6A0843097}.Debug|Any CPU.ActiveCfg = Debug|Any CPU
		{75266578-6C6F-4C48-B858-33C6A0843097}.Debug|Any CPU.Build.0 = Debug|Any CPU
		{75266578-6C6F-4C48-B858-33C6A0843097}.Release|Any CPU.ActiveCfg = Release|Any CPU
		{75266578-6C6F-4C48-B858-33C6A0843097}.Release|Any CPU.Build.0 = Release|Any CPU
		{419AC827-9B83-4A82-8ACE-5CF465B6F2AC}.Debug|Any CPU.ActiveCfg = Debug|Any CPU
		{419AC827-9B83-4A82-8ACE-5CF465B6F2AC}.Debug|Any CPU.Build.0 = Debug|Any CPU
		{419AC827-9B83-4A82-8ACE-5CF465B6F2AC}.Release|Any CPU.ActiveCfg = Release|Any CPU
		{419AC827-9B83-4A82-8ACE-5CF465B6F2AC}.Release|Any CPU.Build.0 = Release|Any CPU
	EndGlobalSection
	GlobalSection(SolutionProperties) = preSolution
		HideSolutionNode = FALSE
	EndGlobalSection
	GlobalSection(NestedProjects) = preSolution
		{75266578-6C6F-4C48-B858-33C6A0843097} = {5C877663-3C9F-4E6D-B2AC-FB026EAD517A}
	EndGlobalSection
	GlobalSection(ExtensibilityGlobals) = postSolution
		SolutionGuid = {26A2160B-AD44-4B61-A707-809ADE4AA2C8}
	EndGlobalSection
EndGlobal
